
Microsoft Visual Studio Solution File, Format Version 12.00
# Visual Studio Version 17
VisualStudioVersion = 17.7.34031.279
MinimumVisualStudioVersion = 10.0.40219.1
Project("{FAE04EC0-301F-11D3-BF4B-00C04F79EFBC}") = "Spotify", "Spotify\Spotify.csproj", "{DF658DEF-AC10-45A7-A0F7-D28C4CF49897}"
EndProject
Global
	GlobalSection(SolutionConfigurationPlatforms) = preSolution
		Debug|Any CPU = Debug|Any CPU
		Release|Any CPU = Release|Any CPU
	EndGlobalSection
	GlobalSection(ProjectConfigurationPlatforms) = postSolution
		{DF658DEF-AC10-45A7-A0F7-D28C4CF49897}.Debug|Any CPU.ActiveCfg = Debug|Any CPU
		{DF658DEF-AC10-45A7-A0F7-D28C4CF49897}.Debug|Any CPU.Build.0 = Debug|Any CPU
		{DF658DEF-AC10-45A7-A0F7-D28C4CF49897}.Release|Any CPU.ActiveCfg = Release|Any CPU
		{DF658DEF-AC10-45A7-A0F7-D28C4CF49897}.Release|Any CPU.Build.0 = Release|Any CPU
	EndGlobalSection
	GlobalSection(SolutionProperties) = preSolution
		HideSolutionNode = FALSE
	EndGlobalSection
	GlobalSection(ExtensibilityGlobals) = postSolution
		SolutionGuid = {7A043ADC-FF8E-48DE-B52E-7AA9B4361DE7}
	EndGlobalSection
EndGlobal
